
Microsoft Visual Studio Solution File, Format Version 12.00
# Visual Studio Version 17
VisualStudioVersion = 17.2.32526.322
MinimumVisualStudioVersion = 10.0.40219.1
Project("{9A19103F-16F7-4668-BE54-9A1E7A4F7556}") = "SingletonPattern", "..\..\..\..\Programming\CSharp\DesignPatterns\Singleton\Singleton\SingletonPattern.csproj", "{F2011150-8E24-484D-9E50-C3EB4999BB65}"
EndProject
Global
	GlobalSection(SolutionConfigurationPlatforms) = preSolution
		Debug|Any CPU = Debug|Any CPU
		Release|Any CPU = Release|Any CPU
	EndGlobalSection
	GlobalSection(ProjectConfigurationPlatforms) = postSolution
		{F2011150-8E24-484D-9E50-C3EB4999BB65}.Debug|Any CPU.ActiveCfg = Debug|Any CPU
		{F2011150-8E24-484D-9E50-C3EB4999BB65}.Debug|Any CPU.Build.0 = Debug|Any CPU
		{F2011150-8E24-484D-9E50-C3EB4999BB65}.Release|Any CPU.ActiveCfg = Release|Any CPU
		{F2011150-8E24-484D-9E50-C3EB4999BB65}.Release|Any CPU.Build.0 = Release|Any CPU
	EndGlobalSection
	GlobalSection(SolutionProperties) = preSolution
		HideSolutionNode = FALSE
	EndGlobalSection
	GlobalSection(ExtensibilityGlobals) = postSolution
		SolutionGuid = {6C0BA777-6A6E-40CE-88DA-A8A1E405E17D}
	EndGlobalSection
EndGlobal
