
Microsoft Visual Studio Solution File, Format Version 12.00
# Visual Studio Version 17
VisualStudioVersion = 17.5.33424.131
MinimumVisualStudioVersion = 10.0.40219.1
Project("{FAE04EC0-301F-11D3-BF4B-00C04F79EFBC}") = "Prototype_Design_Pattern", "Prototype_Design_Pattern.csproj", "{1C1D6E68-7E38-45E8-BB8A-898A6E9D6484}"
EndProject
Global
	GlobalSection(SolutionConfigurationPlatforms) = preSolution
		Debug|Any CPU = Debug|Any CPU
		Release|Any CPU = Release|Any CPU
	EndGlobalSection
	GlobalSection(ProjectConfigurationPlatforms) = postSolution
		{1C1D6E68-7E38-45E8-BB8A-898A6E9D6484}.Debug|Any CPU.ActiveCfg = Debug|Any CPU
		{1C1D6E68-7E38-45E8-BB8A-898A6E9D6484}.Debug|Any CPU.Build.0 = Debug|Any CPU
		{1C1D6E68-7E38-45E8-BB8A-898A6E9D6484}.Release|Any CPU.ActiveCfg = Release|Any CPU
		{1C1D6E68-7E38-45E8-BB8A-898A6E9D6484}.Release|Any CPU.Build.0 = Release|Any CPU
	EndGlobalSection
	GlobalSection(SolutionProperties) = preSolution
		HideSolutionNode = FALSE
	EndGlobalSection
	GlobalSection(ExtensibilityGlobals) = postSolution
		SolutionGuid = {2D7B2E34-D3FE-419B-8912-E5E663061FC4}
	EndGlobalSection
EndGlobal
